
Microsoft Visual Studio Solution File, Format Version 12.00
# Visual Studio Version 16
VisualStudioVersion = 16.0.31911.196
MinimumVisualStudioVersion = 10.0.40219.1
Project("{FAE04EC0-301F-11D3-BF4B-00C04F79EFBC}") = "PrimeNumberSelector.Android", "PrimeNumberSelector.Android\PrimeNumberSelector.Android.csproj", "{AC1052C4-C075-4E8C-8244-0D931A1DB9C7}"
EndProject
Project("{FAE04EC0-301F-11D3-BF4B-00C04F79EFBC}") = "PrimeNumberSelector", "PrimeNumberSelector\PrimeNumberSelector.csproj", "{565C4A80-18D1-44D7-B218-294D0C1A5031}"
EndProject
Global
	GlobalSection(SolutionConfigurationPlatforms) = preSolution
		Debug|Any CPU = Debug|Any CPU
		Release|Any CPU = Release|Any CPU
	EndGlobalSection
	GlobalSection(ProjectConfigurationPlatforms) = postSolution
		{AC1052C4-C075-4E8C-8244-0D931A1DB9C7}.Debug|Any CPU.ActiveCfg = Debug|Any CPU
		{AC1052C4-C075-4E8C-8244-0D931A1DB9C7}.Debug|Any CPU.Build.0 = Debug|Any CPU
		{AC1052C4-C075-4E8C-8244-0D931A1DB9C7}.Debug|Any CPU.Deploy.0 = Debug|Any CPU
		{AC1052C4-C075-4E8C-8244-0D931A1DB9C7}.Release|Any CPU.ActiveCfg = Release|Any CPU
		{AC1052C4-C075-4E8C-8244-0D931A1DB9C7}.Release|Any CPU.Build.0 = Release|Any CPU
		{AC1052C4-C075-4E8C-8244-0D931A1DB9C7}.Release|Any CPU.Deploy.0 = Release|Any CPU
		{565C4A80-18D1-44D7-B218-294D0C1A5031}.Debug|Any CPU.ActiveCfg = Debug|Any CPU
		{565C4A80-18D1-44D7-B218-294D0C1A5031}.Debug|Any CPU.Build.0 = Debug|Any CPU
		{565C4A80-18D1-44D7-B218-294D0C1A5031}.Debug|Any CPU.Deploy.0 = Debug|Any CPU
		{565C4A80-18D1-44D7-B218-294D0C1A5031}.Release|Any CPU.ActiveCfg = Release|Any CPU
		{565C4A80-18D1-44D7-B218-294D0C1A5031}.Release|Any CPU.Build.0 = Release|Any CPU
		{565C4A80-18D1-44D7-B218-294D0C1A5031}.Release|Any CPU.Deploy.0 = Release|Any CPU
	EndGlobalSection
	GlobalSection(SolutionProperties) = preSolution
		HideSolutionNode = FALSE
	EndGlobalSection
	GlobalSection(ExtensibilityGlobals) = postSolution
		SolutionGuid = {E636C122-4209-4B52-87C8-79538742EA7D}
	EndGlobalSection
EndGlobal
